
Microsoft Visual Studio Solution File, Format Version 12.00
# Visual Studio Version 17
VisualStudioVersion = 17.8.34525.116
MinimumVisualStudioVersion = 10.0.40219.1
Project("{9A19103F-16F7-4668-BE54-9A1E7A4F7556}") = "BlackjackApp", "BlackjackApp\BlackjackApp.csproj", "{CF04CF8E-D6C1-41AB-A376-F04BC85D7E09}"
EndProject
Project("{FAE04EC0-301F-11D3-BF4B-00C04F79EFBC}") = "ConsoleUtility", "ConsoleUtility\ConsoleUtility.csproj", "{6B1B425C-EB31-4C5A-8183-9D30C34E3BFB}"
EndProject
Global
	GlobalSection(SolutionConfigurationPlatforms) = preSolution
		Debug|Any CPU = Debug|Any CPU
		Release|Any CPU = Release|Any CPU
	EndGlobalSection
	GlobalSection(ProjectConfigurationPlatforms) = postSolution
		{CF04CF8E-D6C1-41AB-A376-F04BC85D7E09}.Debug|Any CPU.ActiveCfg = Debug|Any CPU
		{CF04CF8E-D6C1-41AB-A376-F04BC85D7E09}.Debug|Any CPU.Build.0 = Debug|Any CPU
		{CF04CF8E-D6C1-41AB-A376-F04BC85D7E09}.Release|Any CPU.ActiveCfg = Release|Any CPU
		{CF04CF8E-D6C1-41AB-A376-F04BC85D7E09}.Release|Any CPU.Build.0 = Release|Any CPU
		{6B1B425C-EB31-4C5A-8183-9D30C34E3BFB}.Debug|Any CPU.ActiveCfg = Debug|Any CPU
		{6B1B425C-EB31-4C5A-8183-9D30C34E3BFB}.Debug|Any CPU.Build.0 = Debug|Any CPU
		{6B1B425C-EB31-4C5A-8183-9D30C34E3BFB}.Release|Any CPU.ActiveCfg = Release|Any CPU
		{6B1B425C-EB31-4C5A-8183-9D30C34E3BFB}.Release|Any CPU.Build.0 = Release|Any CPU
	EndGlobalSection
	GlobalSection(SolutionProperties) = preSolution
		HideSolutionNode = FALSE
	EndGlobalSection
	GlobalSection(ExtensibilityGlobals) = postSolution
		SolutionGuid = {01EA543C-B0E8-44B0-A40E-98DEF3FDE48F}
	EndGlobalSection
EndGlobal
